
Microsoft Visual Studio Solution File, Format Version 12.00
# Visual Studio Version 17
VisualStudioVersion = 17.0.31423.177
MinimumVisualStudioVersion = 10.0.40219.1
Project("{FAE04EC0-301F-11D3-BF4B-00C04F79EFBC}") = "Binomo Clone.Android", "Binomo Clone.Android\Binomo Clone.Android.csproj", "{0677CBB9-762B-4D9B-8B30-DABACFA7CB4F}"
EndProject
Project("{FAE04EC0-301F-11D3-BF4B-00C04F79EFBC}") = "Binomo Clone.iOS", "Binomo Clone.iOS\Binomo Clone.iOS.csproj", "{AB108D18-F863-4FA8-B41A-35B8F3542B2A}"
EndProject
Project("{9A19103F-16F7-4668-BE54-9A1E7A4F7556}") = "Binomo Clone", "Binomo Clone\Binomo Clone.csproj", "{0EEF1C56-FA6E-451B-A2C2-11508D6420CD}"
EndProject
Global
	GlobalSection(SolutionConfigurationPlatforms) = preSolution
		Debug|Any CPU = Debug|Any CPU
		Debug|iPhone = Debug|iPhone
		Debug|iPhoneSimulator = Debug|iPhoneSimulator
		Release|Any CPU = Release|Any CPU
		Release|iPhone = Release|iPhone
		Release|iPhoneSimulator = Release|iPhoneSimulator
	EndGlobalSection
	GlobalSection(ProjectConfigurationPlatforms) = postSolution
		{0677CBB9-762B-4D9B-8B30-DABACFA7CB4F}.Debug|Any CPU.ActiveCfg = Debug|Any CPU
		{0677CBB9-762B-4D9B-8B30-DABACFA7CB4F}.Debug|Any CPU.Build.0 = Debug|Any CPU
		{0677CBB9-762B-4D9B-8B30-DABACFA7CB4F}.Debug|Any CPU.Deploy.0 = Debug|Any CPU
		{0677CBB9-762B-4D9B-8B30-DABACFA7CB4F}.Debug|iPhone.ActiveCfg = Debug|Any CPU
		{0677CBB9-762B-4D9B-8B30-DABACFA7CB4F}.Debug|iPhone.Build.0 = Debug|Any CPU
		{0677CBB9-762B-4D9B-8B30-DABACFA7CB4F}.Debug|iPhone.Deploy.0 = Debug|Any CPU
		{0677CBB9-762B-4D9B-8B30-DABACFA7CB4F}.Debug|iPhoneSimulator.ActiveCfg = Debug|Any CPU
		{0677CBB9-762B-4D9B-8B30-DABACFA7CB4F}.Debug|iPhoneSimulator.Build.0 = Debug|Any CPU
		{0677CBB9-762B-4D9B-8B30-DABACFA7CB4F}.Debug|iPhoneSimulator.Deploy.0 = Debug|Any CPU
		{0677CBB9-762B-4D9B-8B30-DABACFA7CB4F}.Release|Any CPU.ActiveCfg = Release|Any CPU
		{0677CBB9-762B-4D9B-8B30-DABACFA7CB4F}.Release|Any CPU.Build.0 = Release|Any CPU
		{0677CBB9-762B-4D9B-8B30-DABACFA7CB4F}.Release|Any CPU.Deploy.0 = Release|Any CPU
		{0677CBB9-762B-4D9B-8B30-DABACFA7CB4F}.Release|iPhone.ActiveCfg = Release|Any CPU
		{0677CBB9-762B-4D9B-8B30-DABACFA7CB4F}.Release|iPhone.Build.0 = Release|Any CPU
		{0677CBB9-762B-4D9B-8B30-DABACFA7CB4F}.Release|iPhone.Deploy.0 = Release|Any CPU
		{0677CBB9-762B-4D9B-8B30-DABACFA7CB4F}.Release|iPhoneSimulator.ActiveCfg = Release|Any CPU
		{0677CBB9-762B-4D9B-8B30-DABACFA7CB4F}.Release|iPhoneSimulator.Build.0 = Release|Any CPU
		{0677CBB9-762B-4D9B-8B30-DABACFA7CB4F}.Release|iPhoneSimulator.Deploy.0 = Release|Any CPU
		{AB108D18-F863-4FA8-B41A-35B8F3542B2A}.Debug|Any CPU.ActiveCfg = Debug|iPhone
		{AB108D18-F863-4FA8-B41A-35B8F3542B2A}.Debug|Any CPU.Build.0 = Debug|iPhone
		{AB108D18-F863-4FA8-B41A-35B8F3542B2A}.Debug|Any CPU.Deploy.0 = Debug|iPhone
		{AB108D18-F863-4FA8-B41A-35B8F3542B2A}.Debug|iPhone.ActiveCfg = Debug|iPhone
		{AB108D18-F863-4FA8-B41A-35B8F3542B2A}.Debug|iPhone.Build.0 = Debug|iPhone
		{AB108D18-F863-4FA8-B41A-35B8F3542B2A}.Debug|iPhone.Deploy.0 = Debug|iPhone
		{AB108D18-F863-4FA8-B41A-35B8F3542B2A}.Debug|iPhoneSimulator.ActiveCfg = Debug|iPhoneSimulator
		{AB108D18-F863-4FA8-B41A-35B8F3542B2A}.Debug|iPhoneSimulator.Build.0 = Debug|iPhoneSimulator
		{AB108D18-F863-4FA8-B41A-35B8F3542B2A}.Debug|iPhoneSimulator.Deploy.0 = Debug|iPhoneSimulator
		{AB108D18-F863-4FA8-B41A-35B8F3542B2A}.Release|Any CPU.ActiveCfg = Release|iPhoneSimulator
		{AB108D18-F863-4FA8-B41A-35B8F3542B2A}.Release|Any CPU.Build.0 = Release|iPhoneSimulator
		{AB108D18-F863-4FA8-B41A-35B8F3542B2A}.Release|Any CPU.Deploy.0 = Release|iPhoneSimulator
		{AB108D18-F863-4FA8-B41A-35B8F3542B2A}.Release|iPhone.ActiveCfg = Release|iPhone
		{AB108D18-F863-4FA8-B41A-35B8F3542B2A}.Release|iPhone.Build.0 = Release|iPhone
		{AB108D18-F863-4FA8-B41A-35B8F3542B2A}.Release|iPhone.Deploy.0 = Release|iPhone
		{AB108D18-F863-4FA8-B41A-35B8F3542B2A}.Release|iPhoneSimulator.ActiveCfg = Release|iPhoneSimulator
		{AB108D18-F863-4FA8-B41A-35B8F3542B2A}.Release|iPhoneSimulator.Build.0 = Release|iPhoneSimulator
		{AB108D18-F863-4FA8-B41A-35B8F3542B2A}.Release|iPhoneSimulator.Deploy.0 = Release|iPhoneSimulator
		{0EEF1C56-FA6E-451B-A2C2-11508D6420CD}.Debug|Any CPU.ActiveCfg = Debug|Any CPU
		{0EEF1C56-FA6E-451B-A2C2-11508D6420CD}.Debug|Any CPU.Build.0 = Debug|Any CPU
		{0EEF1C56-FA6E-451B-A2C2-11508D6420CD}.Debug|Any CPU.Deploy.0 = Debug|Any CPU
		{0EEF1C56-FA6E-451B-A2C2-11508D6420CD}.Debug|iPhone.ActiveCfg = Debug|Any CPU
		{0EEF1C56-FA6E-451B-A2C2-11508D6420CD}.Debug|iPhone.Build.0 = Debug|Any CPU
		{0EEF1C56-FA6E-451B-A2C2-11508D6420CD}.Debug|iPhone.Deploy.0 = Debug|Any CPU
		{0EEF1C56-FA6E-451B-A2C2-11508D6420CD}.Debug|iPhoneSimulator.ActiveCfg = Debug|Any CPU
		{0EEF1C56-FA6E-451B-A2C2-11508D6420CD}.Debug|iPhoneSimulator.Build.0 = Debug|Any CPU
		{0EEF1C56-FA6E-451B-A2C2-11508D6420CD}.Debug|iPhoneSimulator.Deploy.0 = Debug|Any CPU
		{0EEF1C56-FA6E-451B-A2C2-11508D6420CD}.Release|Any CPU.ActiveCfg = Release|Any CPU
		{0EEF1C56-FA6E-451B-A2C2-11508D6420CD}.Release|Any CPU.Build.0 = Release|Any CPU
		{0EEF1C56-FA6E-451B-A2C2-11508D6420CD}.Release|Any CPU.Deploy.0 = Release|Any CPU
		{0EEF1C56-FA6E-451B-A2C2-11508D6420CD}.Release|iPhone.ActiveCfg = Release|Any CPU
		{0EEF1C56-FA6E-451B-A2C2-11508D6420CD}.Release|iPhone.Build.0 = Release|Any CPU
		{0EEF1C56-FA6E-451B-A2C2-11508D6420CD}.Release|iPhone.Deploy.0 = Release|Any CPU
		{0EEF1C56-FA6E-451B-A2C2-11508D6420CD}.Release|iPhoneSimulator.ActiveCfg = Release|Any CPU
		{0EEF1C56-FA6E-451B-A2C2-11508D6420CD}.Release|iPhoneSimulator.Build.0 = Release|Any CPU
		{0EEF1C56-FA6E-451B-A2C2-11508D6420CD}.Release|iPhoneSimulator.Deploy.0 = Release|Any CPU
	EndGlobalSection
	GlobalSection(SolutionProperties) = preSolution
		HideSolutionNode = FALSE
	EndGlobalSection
	GlobalSection(ExtensibilityGlobals) = postSolution
		SolutionGuid = {FB8A4BE0-3E64-47D5-B92D-99E2646CC1AB}
	EndGlobalSection
EndGlobal
